
Microsoft Visual Studio Solution File, Format Version 12.00
# Visual Studio Version 16
VisualStudioVersion = 16.0.32228.343
MinimumVisualStudioVersion = 10.0.40219.1
Project("{FAE04EC0-301F-11D3-BF4B-00C04F79EFBC}") = "Reletionship", "Reletionship\Reletionship.csproj", "{58F17DB3-6CFB-4433-B950-6FACB6588DB2}"
EndProject
Global
	GlobalSection(SolutionConfigurationPlatforms) = preSolution
		Debug|Any CPU = Debug|Any CPU
		Release|Any CPU = Release|Any CPU
	EndGlobalSection
	GlobalSection(ProjectConfigurationPlatforms) = postSolution
		{58F17DB3-6CFB-4433-B950-6FACB6588DB2}.Debug|Any CPU.ActiveCfg = Debug|Any CPU
		{58F17DB3-6CFB-4433-B950-6FACB6588DB2}.Debug|Any CPU.Build.0 = Debug|Any CPU
		{58F17DB3-6CFB-4433-B950-6FACB6588DB2}.Release|Any CPU.ActiveCfg = Release|Any CPU
		{58F17DB3-6CFB-4433-B950-6FACB6588DB2}.Release|Any CPU.Build.0 = Release|Any CPU
	EndGlobalSection
	GlobalSection(SolutionProperties) = preSolution
		HideSolutionNode = FALSE
	EndGlobalSection
	GlobalSection(ExtensibilityGlobals) = postSolution
		SolutionGuid = {194F0857-A9C5-49C4-A484-1AC04DF00E40}
	EndGlobalSection
EndGlobal
